
Microsoft Visual Studio Solution File, Format Version 12.00
# Visual Studio Version 16
VisualStudioVersion = 16.0.30225.117
MinimumVisualStudioVersion = 10.0.40219.1
Project("{FAE04EC0-301F-11D3-BF4B-00C04F79EFBC}") = "PPETracker", "PPETracker\PPETracker.csproj", "{DEDADB00-4FB7-4C19-AAC2-FFA455C86D6B}"
EndProject
Global
	GlobalSection(SolutionConfigurationPlatforms) = preSolution
		Debug|Any CPU = Debug|Any CPU
		Release|Any CPU = Release|Any CPU
	EndGlobalSection
	GlobalSection(ProjectConfigurationPlatforms) = postSolution
		{DEDADB00-4FB7-4C19-AAC2-FFA455C86D6B}.Debug|Any CPU.ActiveCfg = Debug|Any CPU
		{DEDADB00-4FB7-4C19-AAC2-FFA455C86D6B}.Debug|Any CPU.Build.0 = Debug|Any CPU
		{DEDADB00-4FB7-4C19-AAC2-FFA455C86D6B}.Release|Any CPU.ActiveCfg = Release|Any CPU
		{DEDADB00-4FB7-4C19-AAC2-FFA455C86D6B}.Release|Any CPU.Build.0 = Release|Any CPU
	EndGlobalSection
	GlobalSection(SolutionProperties) = preSolution
		HideSolutionNode = FALSE
	EndGlobalSection
	GlobalSection(ExtensibilityGlobals) = postSolution
		SolutionGuid = {849C4410-1D1A-4BDD-819F-CB2C5506A912}
	EndGlobalSection
EndGlobal
